
Microsoft Visual Studio Solution File, Format Version 12.00
# Visual Studio Version 17
VisualStudioVersion = 17.2.32616.157
MinimumVisualStudioVersion = 10.0.40219.1
Project("{FAE04EC0-301F-11D3-BF4B-00C04F79EFBC}") = "Graphic_cycles", "Graphic_cycles\Graphic_cycles.csproj", "{51D95EFC-F9D9-4AFF-9562-0C298006C660}"
EndProject
Global
	GlobalSection(SolutionConfigurationPlatforms) = preSolution
		Debug|Any CPU = Debug|Any CPU
		Release|Any CPU = Release|Any CPU
	EndGlobalSection
	GlobalSection(ProjectConfigurationPlatforms) = postSolution
		{51D95EFC-F9D9-4AFF-9562-0C298006C660}.Debug|Any CPU.ActiveCfg = Debug|Any CPU
		{51D95EFC-F9D9-4AFF-9562-0C298006C660}.Debug|Any CPU.Build.0 = Debug|Any CPU
		{51D95EFC-F9D9-4AFF-9562-0C298006C660}.Release|Any CPU.ActiveCfg = Release|Any CPU
		{51D95EFC-F9D9-4AFF-9562-0C298006C660}.Release|Any CPU.Build.0 = Release|Any CPU
	EndGlobalSection
	GlobalSection(SolutionProperties) = preSolution
		HideSolutionNode = FALSE
	EndGlobalSection
	GlobalSection(ExtensibilityGlobals) = postSolution
		SolutionGuid = {C0496DD1-853F-4D3B-B158-9E5AE7351DE5}
	EndGlobalSection
EndGlobal
